# @generated by Move, please check-in and do not edit manually.

[move]
version = 0
manifest_digest = "9F665FB3D0FF6F4B38047C153B5DA129ED963D3B77CA50EEF74C7A80B321723F"
deps_digest = "3C4103934B1E040BB6B23F1D610B4EF9F2F1166A50A104EADCF77467C004C600"

dependencies = [
  { name = "ScallopProtocol" },
  { name = "Sui" },
]

[[move.package]]
name = "CoinDecimalsRegistry"
source = { git = "https://github.com/fluidity-money/sui-lending-protocol", rev = "main", subdir = "contracts/libs/coin_decimals_registry" }

dependencies = [
  { name = "Sui" },
]

[[move.package]]
name = "Math"
source = { git = "https://github.com/fluidity-money/sui-lending-protocol", rev = "main", subdir = "contracts/libs/math" }

dependencies = [
  { name = "Sui" },
]

[[move.package]]
name = "MoveStdlib"
source = { git = "https://github.com/MystenLabs/sui.git", rev = "testnet", subdir = "crates/sui-framework/packages/move-stdlib" }

[[move.package]]
name = "ScallopProtocol"
source = { git = "https://github.com/fluidity-money/sui-lending-protocol", rev = "main", subdir = "contracts/protocol" }

dependencies = [
  { name = "CoinDecimalsRegistry" },
  { name = "Math" },
  { name = "Sui" },
  { name = "Whitelist" },
  { name = "X" },
  { name = "XOracle" },
]

[[move.package]]
name = "Sui"
source = { git = "https://github.com/MystenLabs/sui.git", rev = "testnet", subdir = "crates/sui-framework/packages/sui-framework" }

dependencies = [
  { name = "MoveStdlib" },
]

[[move.package]]
name = "Whitelist"
source = { git = "https://github.com/fluidity-money/sui-lending-protocol", rev = "main", subdir = "contracts/libs/whitelist" }

dependencies = [
  { name = "Sui" },
]

[[move.package]]
name = "X"
source = { git = "https://github.com/fluidity-money/sui-lending-protocol", rev = "main", subdir = "contracts/libs/x" }

dependencies = [
  { name = "Sui" },
]

[[move.package]]
name = "XOracle"
source = { git = "https://github.com/fluidity-money/sui-lending-protocol", rev = "main", subdir = "contracts/sui_x_oracle/x_oracle" }

dependencies = [
  { name = "Sui" },
]

[move.toolchain-version]
compiler-version = "1.19.1"
edition = "legacy"
flavor = "sui"
